
Microsoft Visual Studio Solution File, Format Version 12.00
# Visual Studio Version 16
VisualStudioVersion = 16.0.31112.23
MinimumVisualStudioVersion = 10.0.40219.1
Project("{FAE04EC0-301F-11D3-BF4B-00C04F79EFBC}") = "BOI", "BOI\BOI.csproj", "{C587413E-BF79-44AC-BE2B-09D66C9C8590}"
EndProject
Global
	GlobalSection(SolutionConfigurationPlatforms) = preSolution
		Debug|Any CPU = Debug|Any CPU
		Release|Any CPU = Release|Any CPU
	EndGlobalSection
	GlobalSection(ProjectConfigurationPlatforms) = postSolution
		{C587413E-BF79-44AC-BE2B-09D66C9C8590}.Debug|Any CPU.ActiveCfg = Debug|Any CPU
		{C587413E-BF79-44AC-BE2B-09D66C9C8590}.Debug|Any CPU.Build.0 = Debug|Any CPU
		{C587413E-BF79-44AC-BE2B-09D66C9C8590}.Release|Any CPU.ActiveCfg = Release|Any CPU
		{C587413E-BF79-44AC-BE2B-09D66C9C8590}.Release|Any CPU.Build.0 = Release|Any CPU
	EndGlobalSection
	GlobalSection(SolutionProperties) = preSolution
		HideSolutionNode = FALSE
	EndGlobalSection
	GlobalSection(ExtensibilityGlobals) = postSolution
		SolutionGuid = {12BF8E04-6614-45B6-8087-77C48F207B36}
	EndGlobalSection
EndGlobal
